# This file is automatically @generated by Cargo.
# It is not intended for manual editing.
version = 3

[[package]]
name = "ariadne"
version = "0.1.3"
source = "registry+https://github.com/rust-lang/crates.io-index"
checksum = "7080ae01b2f0c312065d4914cd0f0de045eb8832e9415b355106a6cff3073cb4"
dependencies = [
 "yansi",
]

[[package]]
name = "compiler"
version = "0.1.0"
dependencies = [
 "ariadne",
 "general",
 "preprocessor",
 "semantic",
 "syntax",
]

[[package]]
name = "either"
version = "1.6.1"
source = "registry+https://github.com/rust-lang/crates.io-index"
checksum = "e78d4f1cc4ae33bbfc157ed5d5a5ef3bc29227303d595861deb238fcec4e9457"

[[package]]
name = "general"
version = "0.1.0"

[[package]]
name = "itertools"
version = "0.10.1"
source = "registry+https://github.com/rust-lang/crates.io-index"
checksum = "69ddb889f9d0d08a67338271fa9b62996bc788c7796a5c18cf057420aaed5eaf"
dependencies = [
 "either",
]

[[package]]
name = "preprocessor"
version = "0.1.0"
dependencies = [
 "general",
 "tokenizer",
]

[[package]]
name = "semantic"
version = "0.1.0"
dependencies = [
 "general",
 "syntax",
 "tokenizer",
]

[[package]]
name = "syntax"
version = "0.1.0"
dependencies = [
 "general",
 "itertools",
 "tokenizer",
]

[[package]]
name = "tokenizer"
version = "0.1.0"
dependencies = [
 "general",
]

[[package]]
name = "yansi"
version = "0.5.0"
source = "registry+https://github.com/rust-lang/crates.io-index"
checksum = "9fc79f4a1e39857fc00c3f662cbf2651c771f00e9c15fe2abc341806bd46bd71"
